{
  "lockfileVersion": 1,
  "configVersion": 1,
  "workspaces": {
    "": {
      "name": "paletcam-log-server",
      "dependencies": {
        "hono": "^4.7.0",
      },
    },
  },
  "packages": {
    "hono": ["hono@4.12.19", "", {}, "sha512-xa3eYXYXx68XTT4hZ7dRzsXBhaq85ToSrlUJNoR0gwz/1Ap/CNwX47wfvV7pc/xWhjKVVkLT7zBJy8chhNguqQ=="],
  }
}
